
Microsoft Visual Studio Solution File, Format Version 12.00
# Visual Studio Version 16
VisualStudioVersion = 16.0.30621.155
MinimumVisualStudioVersion = 10.0.40219.1
Project("{FAE04EC0-301F-11D3-BF4B-00C04F79EFBC}") = "BelezaNaWeb.API", "BelezaNaWeb.API\BelezaNaWeb.API.csproj", "{651A3FD6-9E6E-427D-B685-D04D8D210790}"
EndProject
Project("{FAE04EC0-301F-11D3-BF4B-00C04F79EFBC}") = "BelezaNaWeb.Model", "BelezaNaWeb.Model\BelezaNaWeb.Model.csproj", "{4ED9D621-562F-48BB-AC30-2427A8C187D3}"
EndProject
Project("{FAE04EC0-301F-11D3-BF4B-00C04F79EFBC}") = "BelezaNaWeb.Services", "BelezaNaWeb.Services\BelezaNaWeb.Services.csproj", "{0089E31F-EC08-4346-8BED-6F8DF64A6DD1}"
EndProject
Global
	GlobalSection(SolutionConfigurationPlatforms) = preSolution
		Debug|Any CPU = Debug|Any CPU
		Release|Any CPU = Release|Any CPU
	EndGlobalSection
	GlobalSection(ProjectConfigurationPlatforms) = postSolution
		{651A3FD6-9E6E-427D-B685-D04D8D210790}.Debug|Any CPU.ActiveCfg = Debug|Any CPU
		{651A3FD6-9E6E-427D-B685-D04D8D210790}.Debug|Any CPU.Build.0 = Debug|Any CPU
		{651A3FD6-9E6E-427D-B685-D04D8D210790}.Release|Any CPU.ActiveCfg = Release|Any CPU
		{651A3FD6-9E6E-427D-B685-D04D8D210790}.Release|Any CPU.Build.0 = Release|Any CPU
		{4ED9D621-562F-48BB-AC30-2427A8C187D3}.Debug|Any CPU.ActiveCfg = Debug|Any CPU
		{4ED9D621-562F-48BB-AC30-2427A8C187D3}.Debug|Any CPU.Build.0 = Debug|Any CPU
		{4ED9D621-562F-48BB-AC30-2427A8C187D3}.Release|Any CPU.ActiveCfg = Release|Any CPU
		{4ED9D621-562F-48BB-AC30-2427A8C187D3}.Release|Any CPU.Build.0 = Release|Any CPU
		{0089E31F-EC08-4346-8BED-6F8DF64A6DD1}.Debug|Any CPU.ActiveCfg = Debug|Any CPU
		{0089E31F-EC08-4346-8BED-6F8DF64A6DD1}.Debug|Any CPU.Build.0 = Debug|Any CPU
		{0089E31F-EC08-4346-8BED-6F8DF64A6DD1}.Release|Any CPU.ActiveCfg = Release|Any CPU
		{0089E31F-EC08-4346-8BED-6F8DF64A6DD1}.Release|Any CPU.Build.0 = Release|Any CPU
	EndGlobalSection
	GlobalSection(SolutionProperties) = preSolution
		HideSolutionNode = FALSE
	EndGlobalSection
	GlobalSection(ExtensibilityGlobals) = postSolution
		SolutionGuid = {A668FA76-837C-4EA8-A6BD-D014D97696A5}
	EndGlobalSection
EndGlobal
